
Microsoft Visual Studio Solution File, Format Version 12.00
Project("{FAE04EC0-301F-11D3-BF4B-00C04F79EFBC}") = "Kaporetto.Models", "Kaporetto.Models\Kaporetto.Models.csproj", "{32DE4D34-2F03-44BD-A5FE-E36F94E0E93D}"
EndProject
Project("{FAE04EC0-301F-11D3-BF4B-00C04F79EFBC}") = "Kaporetto.Akka.NET", "Kaporetto.Akka.NET\Kaporetto.Akka.NET.csproj", "{2E67335E-7EA8-462A-A8BF-C315C4CAA4F5}"
EndProject
Global
	GlobalSection(SolutionConfigurationPlatforms) = preSolution
		Debug|Any CPU = Debug|Any CPU
		Release|Any CPU = Release|Any CPU
	EndGlobalSection
	GlobalSection(ProjectConfigurationPlatforms) = postSolution
		{32DE4D34-2F03-44BD-A5FE-E36F94E0E93D}.Debug|Any CPU.ActiveCfg = Debug|Any CPU
		{32DE4D34-2F03-44BD-A5FE-E36F94E0E93D}.Debug|Any CPU.Build.0 = Debug|Any CPU
		{32DE4D34-2F03-44BD-A5FE-E36F94E0E93D}.Release|Any CPU.ActiveCfg = Release|Any CPU
		{32DE4D34-2F03-44BD-A5FE-E36F94E0E93D}.Release|Any CPU.Build.0 = Release|Any CPU
		{2E67335E-7EA8-462A-A8BF-C315C4CAA4F5}.Debug|Any CPU.ActiveCfg = Debug|Any CPU
		{2E67335E-7EA8-462A-A8BF-C315C4CAA4F5}.Debug|Any CPU.Build.0 = Debug|Any CPU
		{2E67335E-7EA8-462A-A8BF-C315C4CAA4F5}.Release|Any CPU.ActiveCfg = Release|Any CPU
		{2E67335E-7EA8-462A-A8BF-C315C4CAA4F5}.Release|Any CPU.Build.0 = Release|Any CPU
	EndGlobalSection
EndGlobal
